{
  "name": "website",
  "version": "1.0.0",
  "lockfileVersion": 3,
  "requires": true,
  "packages": {
    "": {
      "name": "website",
      "version": "1.0.0",
      "license": "ISC",
      "dependencies": {
        "@mnfst/sdk": "^1.1.0"
      }
    },
    "node_modules/@mnfst/sdk": {
      "version": "1.1.0",
      "resolved": "https://registry.npmjs.org/@mnfst/sdk/-/sdk-1.1.0.tgz",
      "integrity": "sha512-Wn+JDzsd9w9v6phjYRQpj5eX9M/alm2I9QFwob6wRmObyOCHD/83sw2GchyWEbzjX0xAlyYxy1/EFpYFEPF0hg==",
      "license": "MIT"
    }
  }
}
